
Microsoft Visual Studio Solution File, Format Version 12.00
# Visual Studio Version 17
VisualStudioVersion = 17.0.31423.177
MinimumVisualStudioVersion = 10.0.40219.1
Project("{FAE04EC0-301F-11D3-BF4B-00C04F79EFBC}") = "GarticBot", "GarticBot\GarticBot.csproj", "{F3E7020C-2063-4B92-8C80-3A6D5A503493}"
EndProject
Global
	GlobalSection(SolutionConfigurationPlatforms) = preSolution
		Debug|Any CPU = Debug|Any CPU
		Release|Any CPU = Release|Any CPU
	EndGlobalSection
	GlobalSection(ProjectConfigurationPlatforms) = postSolution
		{F3E7020C-2063-4B92-8C80-3A6D5A503493}.Debug|Any CPU.ActiveCfg = Debug|Any CPU
		{F3E7020C-2063-4B92-8C80-3A6D5A503493}.Debug|Any CPU.Build.0 = Debug|Any CPU
		{F3E7020C-2063-4B92-8C80-3A6D5A503493}.Release|Any CPU.ActiveCfg = Release|Any CPU
		{F3E7020C-2063-4B92-8C80-3A6D5A503493}.Release|Any CPU.Build.0 = Release|Any CPU
	EndGlobalSection
	GlobalSection(SolutionProperties) = preSolution
		HideSolutionNode = FALSE
	EndGlobalSection
	GlobalSection(ExtensibilityGlobals) = postSolution
		SolutionGuid = {8650387F-D209-4C5B-96B8-24023D7CB575}
	EndGlobalSection
EndGlobal
